dependencies:
- name: cert-manager
  repository: https://charts.jetstack.io
  version: v1.11.1
- name: postgres-operator
  repository: https://opensource.zalando.com/postgres-operator/charts/postgres-operator
  version: 1.10.1
digest: sha256:0e4bcf0e2e32f77b452df25d3b33f773a4e4e402e16e337cc7235ca2b2a05fcc
generated: "2024-06-14T10:13:19.812559108-06:00"
